<?xml version="1.0" encoding="utf-8"?>
<Project ToolsVersion="4.0" xmlns="http://schemas.microsoft.com/developer/msbuild/2003">
  <ItemGroup>
    <Filter Include="Source Files">
      <UniqueIdentifier>{4FC737F1-C7A5-4376-A066-2A32D752A2FF}</UniqueIdentifier>
      <Extensions>cpp;c;cc;cxx;c++;cppm;ixx;def;odl;idl;hpj;bat;asm;asmx</Extensions>
    </Filter>
    <Filter Include="Header Files">
      <UniqueIdentifier>{93995380-89BD-4b04-88EB-625FBE52EBFB}</UniqueIdentifier>
      <Extensions>h;hh;hpp;hxx;h++;hm;inl;inc;ipp;xsd</Extensions>
    </Filter>
    <Filter Include="Resource Files">
      <UniqueIdentifier>{67DA6AB6-F800-4c08-8B7A-83BB121AAD01}</UniqueIdentifier>
      <Extensions>rc;ico;cur;bmp;dlg;rc2;rct;bin;rgs;gif;jpg;jpeg;jpe;resx;tiff;tif;png;wav;mfcribbon-ms</Extensions>
    </Filter>
  </ItemGroup>
  <ItemGroup>
    <ClInclude Include="external\fmt\include\fmt\args.h">
      <Filter>Header Files</Filter>
    </ClInclude>
    <ClInclude Include="external\fmt\include\fmt\chrono.h">
      <Filter>Header Files</Filter>
    </ClInclude>
    <ClInclude Include="external\fmt\include\fmt\color.h">
      <Filter>Header Files</Filter>
    </ClInclude>
    <ClInclude Include="external\fmt\include\fmt\compile.h">
      <Filter>Header Files</Filter>
    </ClInclude>
    <ClInclude Include="external\fmt\include\fmt\core.h">
      <Filter>Header Files</Filter>
    </ClInclude>
    <ClInclude Include="external\fmt\include\fmt\format.h">
      <Filter>Header Files</Filter>
    </ClInclude>
    <ClInclude Include="external\fmt\include\fmt\format-inl.h">
      <Filter>Header Files</Filter>
    </ClInclude>
    <ClInclude Include="external\fmt\include\fmt\os.h">
      <Filter>Header Files</Filter>
    </ClInclude>
    <ClInclude Include="external\fmt\include\fmt\ostream.h">
      <Filter>Header Files</Filter>
    </ClInclude>
    <ClInclude Include="external\fmt\include\fmt\printf.h">
      <Filter>Header Files</Filter>
    </ClInclude>
    <ClInclude Include="external\fmt\include\fmt\ranges.h">
      <Filter>Header Files</Filter>
    </ClInclude>
    <ClInclude Include="external\fmt\include\fmt\std.h">
      <Filter>Header Files</Filter>
    </ClInclude>
    <ClInclude Include="external\fmt\include\fmt\xchar.h">
      <Filter>Header Files</Filter>
    </ClInclude>
    <ClInclude Include="header\Logger.h">
      <Filter>Header Files</Filter>
    </ClInclude>
    <ClInclude Include="header\engine_io.h">
      <Filter>Header Files</Filter>
    </ClInclude>
    <ClInclude Include="header\CSharpInterpreter.h">
      <Filter>Header Files</Filter>
    </ClInclude>
    <ClInclude Include="header\traits_ext.h">
      <Filter>Header Files</Filter>
    </ClInclude>
    <ClInclude Include="include\pfr\detail\cast_to_layout_compatible.hpp">
      <Filter>Header Files</Filter>
    </ClInclude>
    <ClInclude Include="include\pfr\detail\config.hpp">
      <Filter>Header Files</Filter>
    </ClInclude>
    <ClInclude Include="include\pfr\detail\core.hpp">
      <Filter>Header Files</Filter>
    </ClInclude>
    <ClInclude Include="include\pfr\detail\core_name.hpp">
      <Filter>Header Files</Filter>
    </ClInclude>
    <ClInclude Include="include\pfr\detail\core_name14_disabled.hpp">
      <Filter>Header Files</Filter>
    </ClInclude>
    <ClInclude Include="include\pfr\detail\core_name20_static.hpp">
      <Filter>Header Files</Filter>
    </ClInclude>
    <ClInclude Include="include\pfr\detail\core14_classic.hpp">
      <Filter>Header Files</Filter>
    </ClInclude>
    <ClInclude Include="include\pfr\detail\core14_loophole.hpp">
      <Filter>Header Files</Filter>
    </ClInclude>
    <ClInclude Include="include\pfr\detail\core17.hpp">
      <Filter>Header Files</Filter>
    </ClInclude>
    <ClInclude Include="include\pfr\detail\core17_generated.hpp">
      <Filter>Header Files</Filter>
    </ClInclude>
    <ClInclude Include="include\pfr\detail\detectors.hpp">
      <Filter>Header Files</Filter>
    </ClInclude>
    <ClInclude Include="include\pfr\detail\fake_object.hpp">
      <Filter>Header Files</Filter>
    </ClInclude>
    <ClInclude Include="include\pfr\detail\fields_count.hpp">
      <Filter>Header Files</Filter>
    </ClInclude>
    <ClInclude Include="include\pfr\detail\for_each_field_impl.hpp">
      <Filter>Header Files</Filter>
    </ClInclude>
    <ClInclude Include="include\pfr\detail\functional.hpp">
      <Filter>Header Files</Filter>
    </ClInclude>
    <ClInclude Include="include\pfr\detail\io.hpp">
      <Filter>Header Files</Filter>
    </ClInclude>
    <ClInclude Include="include\pfr\detail\make_flat_tuple_of_references.hpp">
      <Filter>Header Files</Filter>
    </ClInclude>
    <ClInclude Include="include\pfr\detail\make_integer_sequence.hpp">
      <Filter>Header Files</Filter>
    </ClInclude>
    <ClInclude Include="include\pfr\detail\offset_based_getter.hpp">
      <Filter>Header Files</Filter>
    </ClInclude>
    <ClInclude Include="include\pfr\detail\possible_reflectable.hpp">
      <Filter>Header Files</Filter>
    </ClInclude>
    <ClInclude Include="include\pfr\detail\rvalue_t.hpp">
      <Filter>Header Files</Filter>
    </ClInclude>
    <ClInclude Include="include\pfr\detail\sequence_tuple.hpp">
      <Filter>Header Files</Filter>
    </ClInclude>
    <ClInclude Include="include\pfr\detail\size_array.hpp">
      <Filter>Header Files</Filter>
    </ClInclude>
    <ClInclude Include="include\pfr\detail\size_t_.hpp">
      <Filter>Header Files</Filter>
    </ClInclude>
    <ClInclude Include="include\pfr\detail\stdarray.hpp">
      <Filter>Header Files</Filter>
    </ClInclude>
    <ClInclude Include="include\pfr\detail\stdtuple.hpp">
      <Filter>Header Files</Filter>
    </ClInclude>
    <ClInclude Include="include\pfr\detail\tie_from_structure_tuple.hpp">
      <Filter>Header Files</Filter>
    </ClInclude>
    <ClInclude Include="include\pfr\detail\unsafe_declval.hpp">
      <Filter>Header Files</Filter>
    </ClInclude>
    <ClInclude Include="include\pfr\config.hpp">
      <Filter>Header Files</Filter>
    </ClInclude>
    <ClInclude Include="include\pfr\core.hpp">
      <Filter>Header Files</Filter>
    </ClInclude>
    <ClInclude Include="include\pfr\core_name.hpp">
      <Filter>Header Files</Filter>
    </ClInclude>
    <ClInclude Include="include\pfr\functions_for.hpp">
      <Filter>Header Files</Filter>
    </ClInclude>
    <ClInclude Include="include\pfr\functors.hpp">
      <Filter>Header Files</Filter>
    </ClInclude>
    <ClInclude Include="include\pfr\io.hpp">
      <Filter>Header Files</Filter>
    </ClInclude>
    <ClInclude Include="include\pfr\io_fields.hpp">
      <Filter>Header Files</Filter>
    </ClInclude>
    <ClInclude Include="include\pfr\ops.hpp">
      <Filter>Header Files</Filter>
    </ClInclude>
    <ClInclude Include="include\pfr\ops_fields.hpp">
      <Filter>Header Files</Filter>
    </ClInclude>
    <ClInclude Include="include\pfr\traits.hpp">
      <Filter>Header Files</Filter>
    </ClInclude>
    <ClInclude Include="include\pfr\traits_fwd.hpp">
      <Filter>Header Files</Filter>
    </ClInclude>
    <ClInclude Include="include\pfr\tuple_size.hpp">
      <Filter>Header Files</Filter>
    </ClInclude>
    <ClInclude Include="include\pfr.hpp">
      <Filter>Header Files</Filter>
    </ClInclude>
    <ClInclude Include="header\MonoLayer.h">
      <Filter>Header Files</Filter>
    </ClInclude>
  </ItemGroup>
  <ItemGroup>
    <ClCompile Include="src\MonoLayer.cpp">
      <Filter>Source Files</Filter>
    </ClCompile>
    <ClCompile Include="src\engine_io.cpp">
      <Filter>Source Files</Filter>
    </ClCompile>
    <ClCompile Include="src\CSharpInterpreter.cpp">
      <Filter>Source Files</Filter>
    </ClCompile>
  </ItemGroup>
</Project>